
Microsoft Visual Studio Solution File, Format Version 12.00
# Visual Studio 15
VisualStudioVersion = 15.0.26730.16
MinimumVisualStudioVersion = 10.0.40219.1
Project("{888888A0-9F3D-457C-B088-3A5042F75D52}") = "Python-Sugoroku", "Python-Sugoroku\Python-Sugoroku.pyproj", "{E345C35A-9148-4099-A023-453E63E3D26D}"
EndProject
Global
	GlobalSection(SolutionConfigurationPlatforms) = preSolution
		Debug|Any CPU = Debug|Any CPU
		Release|Any CPU = Release|Any CPU
	EndGlobalSection
	GlobalSection(ProjectConfigurationPlatforms) = postSolution
		{E345C35A-9148-4099-A023-453E63E3D26D}.Debug|Any CPU.ActiveCfg = Debug|Any CPU
		{E345C35A-9148-4099-A023-453E63E3D26D}.Release|Any CPU.ActiveCfg = Release|Any CPU
	EndGlobalSection
	GlobalSection(SolutionProperties) = preSolution
		HideSolutionNode = FALSE
	EndGlobalSection
	GlobalSection(ExtensibilityGlobals) = postSolution
		SolutionGuid = {B38ECD92-756D-44D2-8B1B-465DFAB115A3}
	EndGlobalSection
EndGlobal
